
Microsoft Visual Studio Solution File, Format Version 12.00
# Visual Studio Version 17
VisualStudioVersion = 17.13.35931.197 d17.13
MinimumVisualStudioVersion = 10.0.40219.1
Project("{FAE04EC0-301F-11D3-BF4B-00C04F79EFBC}") = "SampleApp", "SampleApp\SampleApp.csproj", "{F3CEE68B-ED80-43E2-832A-DB4394F69A3E}"
EndProject
Global
	GlobalSection(SolutionConfigurationPlatforms) = preSolution
		Debug|Any CPU = Debug|Any CPU
		Release|Any CPU = Release|Any CPU
	EndGlobalSection
	GlobalSection(ProjectConfigurationPlatforms) = postSolution
		{F3CEE68B-ED80-43E2-832A-DB4394F69A3E}.Debug|Any CPU.ActiveCfg = Debug|Any CPU
		{F3CEE68B-ED80-43E2-832A-DB4394F69A3E}.Debug|Any CPU.Build.0 = Debug|Any CPU
		{F3CEE68B-ED80-43E2-832A-DB4394F69A3E}.Release|Any CPU.ActiveCfg = Release|Any CPU
		{F3CEE68B-ED80-43E2-832A-DB4394F69A3E}.Release|Any CPU.Build.0 = Release|Any CPU
	EndGlobalSection
	GlobalSection(SolutionProperties) = preSolution
		HideSolutionNode = FALSE
	EndGlobalSection
	GlobalSection(ExtensibilityGlobals) = postSolution
		SolutionGuid = {26D24D9F-99E0-4D07-86B1-A3DCDD5E7130}
	EndGlobalSection
EndGlobal
